
Microsoft Visual Studio Solution File, Format Version 12.00
# Visual Studio Version 17
VisualStudioVersion = 17.5.33502.453
MinimumVisualStudioVersion = 10.0.40219.1
Project("{FAE04EC0-301F-11D3-BF4B-00C04F79EFBC}") = "Converter.API", "Converter.API\Converter.API.csproj", "{646CE066-3480-4536-B621-50AC5FF73D2B}"
EndProject
Project("{FAE04EC0-301F-11D3-BF4B-00C04F79EFBC}") = "Converter.Application", "Converter.Application\Converter.Application.csproj", "{653B1C37-8AC6-4637-A8E2-241B2E47A0EB}"
EndProject
Project("{FAE04EC0-301F-11D3-BF4B-00C04F79EFBC}") = "Converter.Infrastructure", "Converter.Infrastructure\Converter.Infrastructure.csproj", "{3DB16685-CF2D-49FE-B129-D9458EAB2C15}"
EndProject
Project("{FAE04EC0-301F-11D3-BF4B-00C04F79EFBC}") = "Converter.Test", "Converter.Test\Converter.Test.csproj", "{319D9235-E25D-431A-9785-617C731ED220}"
EndProject
Global
	GlobalSection(SolutionConfigurationPlatforms) = preSolution
		Debug|Any CPU = Debug|Any CPU
		Release|Any CPU = Release|Any CPU
	EndGlobalSection
	GlobalSection(ProjectConfigurationPlatforms) = postSolution
		{646CE066-3480-4536-B621-50AC5FF73D2B}.Debug|Any CPU.ActiveCfg = Debug|Any CPU
		{646CE066-3480-4536-B621-50AC5FF73D2B}.Debug|Any CPU.Build.0 = Debug|Any CPU
		{646CE066-3480-4536-B621-50AC5FF73D2B}.Release|Any CPU.ActiveCfg = Release|Any CPU
		{646CE066-3480-4536-B621-50AC5FF73D2B}.Release|Any CPU.Build.0 = Release|Any CPU
		{653B1C37-8AC6-4637-A8E2-241B2E47A0EB}.Debug|Any CPU.ActiveCfg = Debug|Any CPU
		{653B1C37-8AC6-4637-A8E2-241B2E47A0EB}.Debug|Any CPU.Build.0 = Debug|Any CPU
		{653B1C37-8AC6-4637-A8E2-241B2E47A0EB}.Release|Any CPU.ActiveCfg = Release|Any CPU
		{653B1C37-8AC6-4637-A8E2-241B2E47A0EB}.Release|Any CPU.Build.0 = Release|Any CPU
		{3DB16685-CF2D-49FE-B129-D9458EAB2C15}.Debug|Any CPU.ActiveCfg = Debug|Any CPU
		{3DB16685-CF2D-49FE-B129-D9458EAB2C15}.Debug|Any CPU.Build.0 = Debug|Any CPU
		{3DB16685-CF2D-49FE-B129-D9458EAB2C15}.Release|Any CPU.ActiveCfg = Release|Any CPU
		{3DB16685-CF2D-49FE-B129-D9458EAB2C15}.Release|Any CPU.Build.0 = Release|Any CPU
		{319D9235-E25D-431A-9785-617C731ED220}.Debug|Any CPU.ActiveCfg = Debug|Any CPU
		{319D9235-E25D-431A-9785-617C731ED220}.Debug|Any CPU.Build.0 = Debug|Any CPU
		{319D9235-E25D-431A-9785-617C731ED220}.Release|Any CPU.ActiveCfg = Release|Any CPU
		{319D9235-E25D-431A-9785-617C731ED220}.Release|Any CPU.Build.0 = Release|Any CPU
	EndGlobalSection
	GlobalSection(SolutionProperties) = preSolution
		HideSolutionNode = FALSE
	EndGlobalSection
	GlobalSection(ExtensibilityGlobals) = postSolution
		SolutionGuid = {7378528C-EF88-4B61-8CE5-C2392E835F7E}
	EndGlobalSection
EndGlobal
